
Microsoft Visual Studio Solution File, Format Version 12.00
# Visual Studio Version 16
VisualStudioVersion = 16.0.30204.135
MinimumVisualStudioVersion = 10.0.40219.1
Project("{FAE04EC0-301F-11D3-BF4B-00C04F79EFBC}") = "tallerLinq", "tallerLinq\tallerLinq.csproj", "{D4C518F8-3E30-44B5-B42A-875D5DDBC1C9}"
EndProject
Global
	GlobalSection(SolutionConfigurationPlatforms) = preSolution
		Debug|Any CPU = Debug|Any CPU
		Release|Any CPU = Release|Any CPU
	EndGlobalSection
	GlobalSection(ProjectConfigurationPlatforms) = postSolution
		{D4C518F8-3E30-44B5-B42A-875D5DDBC1C9}.Debug|Any CPU.ActiveCfg = Debug|Any CPU
		{D4C518F8-3E30-44B5-B42A-875D5DDBC1C9}.Debug|Any CPU.Build.0 = Debug|Any CPU
		{D4C518F8-3E30-44B5-B42A-875D5DDBC1C9}.Release|Any CPU.ActiveCfg = Release|Any CPU
		{D4C518F8-3E30-44B5-B42A-875D5DDBC1C9}.Release|Any CPU.Build.0 = Release|Any CPU
	EndGlobalSection
	GlobalSection(SolutionProperties) = preSolution
		HideSolutionNode = FALSE
	EndGlobalSection
	GlobalSection(ExtensibilityGlobals) = postSolution
		SolutionGuid = {7A24105C-5975-4E27-BE94-E1D8C31C0019}
	EndGlobalSection
EndGlobal
